
Microsoft Visual Studio Solution File, Format Version 9.00
# Visual Studio 2005
Project("{8BC9CEB8-8B4A-11D0-8D11-00A0C91BC942}") = "g7xx_swb_enc", "g7xx_swb_enc.vcproj", "{B4F9399F-B3DA-499D-95DD-024A943ED5F9}"
EndProject
Project("{8BC9CEB8-8B4A-11D0-8D11-00A0C91BC942}") = "g7xx_swb_dec", "g7xx_swb_dec.vcproj", "{273B7018-F4B5-4463-B3D2-A07A939EAF66}"
EndProject
Global
	GlobalSection(SolutionConfigurationPlatforms) = preSolution
		Debug|Win32 = Debug|Win32
		Release|Win32 = Release|Win32
	EndGlobalSection
	GlobalSection(ProjectConfigurationPlatforms) = postSolution
		{B4F9399F-B3DA-499D-95DD-024A943ED5F9}.Debug|Win32.ActiveCfg = Debug|Win32
		{B4F9399F-B3DA-499D-95DD-024A943ED5F9}.Debug|Win32.Build.0 = Debug|Win32
		{B4F9399F-B3DA-499D-95DD-024A943ED5F9}.Release|Win32.ActiveCfg = Release|Win32
		{B4F9399F-B3DA-499D-95DD-024A943ED5F9}.Release|Win32.Build.0 = Release|Win32
		{273B7018-F4B5-4463-B3D2-A07A939EAF66}.Debug|Win32.ActiveCfg = Debug|Win32
		{273B7018-F4B5-4463-B3D2-A07A939EAF66}.Debug|Win32.Build.0 = Debug|Win32
		{273B7018-F4B5-4463-B3D2-A07A939EAF66}.Release|Win32.ActiveCfg = Release|Win32
		{273B7018-F4B5-4463-B3D2-A07A939EAF66}.Release|Win32.Build.0 = Release|Win32
	EndGlobalSection
	GlobalSection(SolutionProperties) = preSolution
		HideSolutionNode = FALSE
	EndGlobalSection
EndGlobal
